
Microsoft Visual Studio Solution File, Format Version 12.00
# Visual Studio Version 17
VisualStudioVersion = 17.2.32526.322
MinimumVisualStudioVersion = 10.0.40219.1
Project("{FAE04EC0-301F-11D3-BF4B-00C04F79EFBC}") = "Xaysetha System", "Xaysetha System\Xaysetha System.csproj", "{B7BEEAAA-B890-4CB5-A3E2-E103906EF0A6}"
EndProject
Global
	GlobalSection(SolutionConfigurationPlatforms) = preSolution
		Debug|Any CPU = Debug|Any CPU
		Release|Any CPU = Release|Any CPU
	EndGlobalSection
	GlobalSection(ProjectConfigurationPlatforms) = postSolution
		{B7BEEAAA-B890-4CB5-A3E2-E103906EF0A6}.Debug|Any CPU.ActiveCfg = Debug|Any CPU
		{B7BEEAAA-B890-4CB5-A3E2-E103906EF0A6}.Debug|Any CPU.Build.0 = Debug|Any CPU
		{B7BEEAAA-B890-4CB5-A3E2-E103906EF0A6}.Release|Any CPU.ActiveCfg = Release|Any CPU
		{B7BEEAAA-B890-4CB5-A3E2-E103906EF0A6}.Release|Any CPU.Build.0 = Release|Any CPU
	EndGlobalSection
	GlobalSection(SolutionProperties) = preSolution
		HideSolutionNode = FALSE
	EndGlobalSection
	GlobalSection(ExtensibilityGlobals) = postSolution
		SolutionGuid = {729333E4-1EED-48F0-86DA-974EAE5C40B0}
	EndGlobalSection
EndGlobal
